
Microsoft Visual Studio Solution File, Format Version 12.00
# Visual Studio Version 16
VisualStudioVersion = 16.0.31624.102
MinimumVisualStudioVersion = 10.0.40219.1
Project("{9A19103F-16F7-4668-BE54-9A1E7A4F7556}") = "KampIntro", "KampIntro\KampIntro.csproj", "{DB71E54C-E4ED-4D79-BD7C-6A84529ABCBB}"
EndProject
Project("{9A19103F-16F7-4668-BE54-9A1E7A4F7556}") = "ClassIntro", "ClassIntro\ClassIntro.csproj", "{2766FBF7-7BD5-4838-A0A6-5D972073ACA0}"
EndProject
Project("{9A19103F-16F7-4668-BE54-9A1E7A4F7556}") = "DegerVeReferansTipler", "DegerVeReferansTipler\DegerVeReferansTipler.csproj", "{5FB8497C-39DC-41DD-945D-56B0B5AAEF6F}"
EndProject
Project("{9A19103F-16F7-4668-BE54-9A1E7A4F7556}") = "Loops", "Loops\Loops.csproj", "{64704EA0-9961-43BA-AE49-C09C1B31C876}"
EndProject
Project("{9A19103F-16F7-4668-BE54-9A1E7A4F7556}") = "Methods", "Methods\Methods.csproj", "{EA3174B4-1829-4364-8D1B-1B0147D13582}"
EndProject
Project("{9A19103F-16F7-4668-BE54-9A1E7A4F7556}") = "ClassMethodsDemo", "ClassMethodsDemo\ClassMethodsDemo.csproj", "{758F38A0-B256-408F-83D6-2D3B03942E29}"
EndProject
Project("{9A19103F-16F7-4668-BE54-9A1E7A4F7556}") = "OOP1", "OOP1\OOP1.csproj", "{59528990-AF74-4C98-A5E2-3ED9B9037EAC}"
EndProject
Project("{9A19103F-16F7-4668-BE54-9A1E7A4F7556}") = "Collections", "Collections\Collections.csproj", "{A704484F-B6FE-4D40-8877-FAB3F8F1396A}"
EndProject
Project("{9A19103F-16F7-4668-BE54-9A1E7A4F7556}") = "GenericsIntro", "GenericsIntro\GenericsIntro.csproj", "{0E580FFB-A1A2-40EF-9FB3-A871E13CC045}"
EndProject
Project("{FAE04EC0-301F-11D3-BF4B-00C04F79EFBC}") = "OOP2", "OOP2\OOP2.csproj", "{13F5941D-93A6-407A-BC81-FDCE21FDAFA7}"
EndProject
Project("{FAE04EC0-301F-11D3-BF4B-00C04F79EFBC}") = "OOP3", "OOP3\OOP3.csproj", "{35E423F1-31B3-4D15-A9DC-34495CD65974}"
EndProject
Global
	GlobalSection(SolutionConfigurationPlatforms) = preSolution
		Debug|Any CPU = Debug|Any CPU
		Release|Any CPU = Release|Any CPU
	EndGlobalSection
	GlobalSection(ProjectConfigurationPlatforms) = postSolution
		{DB71E54C-E4ED-4D79-BD7C-6A84529ABCBB}.Debug|Any CPU.ActiveCfg = Debug|Any CPU
		{DB71E54C-E4ED-4D79-BD7C-6A84529ABCBB}.Debug|Any CPU.Build.0 = Debug|Any CPU
		{DB71E54C-E4ED-4D79-BD7C-6A84529ABCBB}.Release|Any CPU.ActiveCfg = Release|Any CPU
		{DB71E54C-E4ED-4D79-BD7C-6A84529ABCBB}.Release|Any CPU.Build.0 = Release|Any CPU
		{2766FBF7-7BD5-4838-A0A6-5D972073ACA0}.Debug|Any CPU.ActiveCfg = Debug|Any CPU
		{2766FBF7-7BD5-4838-A0A6-5D972073ACA0}.Debug|Any CPU.Build.0 = Debug|Any CPU
		{2766FBF7-7BD5-4838-A0A6-5D972073ACA0}.Release|Any CPU.ActiveCfg = Release|Any CPU
		{2766FBF7-7BD5-4838-A0A6-5D972073ACA0}.Release|Any CPU.Build.0 = Release|Any CPU
		{5FB8497C-39DC-41DD-945D-56B0B5AAEF6F}.Debug|Any CPU.ActiveCfg = Debug|Any CPU
		{5FB8497C-39DC-41DD-945D-56B0B5AAEF6F}.Debug|Any CPU.Build.0 = Debug|Any CPU
		{5FB8497C-39DC-41DD-945D-56B0B5AAEF6F}.Release|Any CPU.ActiveCfg = Release|Any CPU
		{5FB8497C-39DC-41DD-945D-56B0B5AAEF6F}.Release|Any CPU.Build.0 = Release|Any CPU
		{64704EA0-9961-43BA-AE49-C09C1B31C876}.Debug|Any CPU.ActiveCfg = Debug|Any CPU
		{64704EA0-9961-43BA-AE49-C09C1B31C876}.Debug|Any CPU.Build.0 = Debug|Any CPU
		{64704EA0-9961-43BA-AE49-C09C1B31C876}.Release|Any CPU.ActiveCfg = Release|Any CPU
		{64704EA0-9961-43BA-AE49-C09C1B31C876}.Release|Any CPU.Build.0 = Release|Any CPU
		{EA3174B4-1829-4364-8D1B-1B0147D13582}.Debug|Any CPU.ActiveCfg = Debug|Any CPU
		{EA3174B4-1829-4364-8D1B-1B0147D13582}.Debug|Any CPU.Build.0 = Debug|Any CPU
		{EA3174B4-1829-4364-8D1B-1B0147D13582}.Release|Any CPU.ActiveCfg = Release|Any CPU
		{EA3174B4-1829-4364-8D1B-1B0147D13582}.Release|Any CPU.Build.0 = Release|Any CPU
		{758F38A0-B256-408F-83D6-2D3B03942E29}.Debug|Any CPU.ActiveCfg = Debug|Any CPU
		{758F38A0-B256-408F-83D6-2D3B03942E29}.Debug|Any CPU.Build.0 = Debug|Any CPU
		{758F38A0-B256-408F-83D6-2D3B03942E29}.Release|Any CPU.ActiveCfg = Release|Any CPU
		{758F38A0-B256-408F-83D6-2D3B03942E29}.Release|Any CPU.Build.0 = Release|Any CPU
		{59528990-AF74-4C98-A5E2-3ED9B9037EAC}.Debug|Any CPU.ActiveCfg = Debug|Any CPU
		{59528990-AF74-4C98-A5E2-3ED9B9037EAC}.Debug|Any CPU.Build.0 = Debug|Any CPU
		{59528990-AF74-4C98-A5E2-3ED9B9037EAC}.Release|Any CPU.ActiveCfg = Release|Any CPU
		{59528990-AF74-4C98-A5E2-3ED9B9037EAC}.Release|Any CPU.Build.0 = Release|Any CPU
		{A704484F-B6FE-4D40-8877-FAB3F8F1396A}.Debug|Any CPU.ActiveCfg = Debug|Any CPU
		{A704484F-B6FE-4D40-8877-FAB3F8F1396A}.Debug|Any CPU.Build.0 = Debug|Any CPU
		{A704484F-B6FE-4D40-8877-FAB3F8F1396A}.Release|Any CPU.ActiveCfg = Release|Any CPU
		{A704484F-B6FE-4D40-8877-FAB3F8F1396A}.Release|Any CPU.Build.0 = Release|Any CPU
		{0E580FFB-A1A2-40EF-9FB3-A871E13CC045}.Debug|Any CPU.ActiveCfg = Debug|Any CPU
		{0E580FFB-A1A2-40EF-9FB3-A871E13CC045}.Debug|Any CPU.Build.0 = Debug|Any CPU
		{0E580FFB-A1A2-40EF-9FB3-A871E13CC045}.Release|Any CPU.ActiveCfg = Release|Any CPU
		{0E580FFB-A1A2-40EF-9FB3-A871E13CC045}.Release|Any CPU.Build.0 = Release|Any CPU
		{13F5941D-93A6-407A-BC81-FDCE21FDAFA7}.Debug|Any CPU.ActiveCfg = Debug|Any CPU
		{13F5941D-93A6-407A-BC81-FDCE21FDAFA7}.Debug|Any CPU.Build.0 = Debug|Any CPU
		{13F5941D-93A6-407A-BC81-FDCE21FDAFA7}.Release|Any CPU.ActiveCfg = Release|Any CPU
		{13F5941D-93A6-407A-BC81-FDCE21FDAFA7}.Release|Any CPU.Build.0 = Release|Any CPU
		{35E423F1-31B3-4D15-A9DC-34495CD65974}.Debug|Any CPU.ActiveCfg = Debug|Any CPU
		{35E423F1-31B3-4D15-A9DC-34495CD65974}.Debug|Any CPU.Build.0 = Debug|Any CPU
		{35E423F1-31B3-4D15-A9DC-34495CD65974}.Release|Any CPU.ActiveCfg = Release|Any CPU
		{35E423F1-31B3-4D15-A9DC-34495CD65974}.Release|Any CPU.Build.0 = Release|Any CPU
	EndGlobalSection
	GlobalSection(SolutionProperties) = preSolution
		HideSolutionNode = FALSE
	EndGlobalSection
	GlobalSection(ExtensibilityGlobals) = postSolution
		SolutionGuid = {A38C3AA4-0873-4BC3-A92C-824B9A27F5FD}
	EndGlobalSection
EndGlobal
